
Microsoft Visual Studio Solution File, Format Version 10.00
# Visual C++ Express 2008
Project("{8BC9CEB8-8B4A-11D0-8D11-00A0C91BC942}") = "libbabcode-win32", "babcode\project\win32\libbabcode-win32.vcproj", "{0E20E904-32EA-45CF-9927-C916600B64A9}"
EndProject
Project("{8BC9CEB8-8B4A-11D0-8D11-00A0C91BC942}") = "test", "test\test.vcproj", "{89E76336-A689-4B5E-B31B-41E633678B4A}"
EndProject
Global
	GlobalSection(SolutionConfigurationPlatforms) = preSolution
		Debug|Win32 = Debug|Win32
		Release|Win32 = Release|Win32
	EndGlobalSection
	GlobalSection(ProjectConfigurationPlatforms) = postSolution
		{0E20E904-32EA-45CF-9927-C916600B64A9}.Debug|Win32.ActiveCfg = Debug|Win32
		{0E20E904-32EA-45CF-9927-C916600B64A9}.Debug|Win32.Build.0 = Debug|Win32
		{0E20E904-32EA-45CF-9927-C916600B64A9}.Release|Win32.ActiveCfg = Release|Win32
		{0E20E904-32EA-45CF-9927-C916600B64A9}.Release|Win32.Build.0 = Release|Win32
		{89E76336-A689-4B5E-B31B-41E633678B4A}.Debug|Win32.ActiveCfg = Debug|Win32
		{89E76336-A689-4B5E-B31B-41E633678B4A}.Debug|Win32.Build.0 = Debug|Win32
		{89E76336-A689-4B5E-B31B-41E633678B4A}.Release|Win32.ActiveCfg = Release|Win32
		{89E76336-A689-4B5E-B31B-41E633678B4A}.Release|Win32.Build.0 = Release|Win32
	EndGlobalSection
	GlobalSection(SolutionProperties) = preSolution
		HideSolutionNode = FALSE
	EndGlobalSection
EndGlobal
