// !$*UTF8*$!
{
	archiveVersion = 1;
	classes = {
	};
	objectVersion = 46;
	objects = {

/* Begin PBXBuildFile section */
		F402C6F41A6FBAC7002F6DE4 /* udpconnection.cpp in Sources */ = {isa = PBXBuildFile; fileRef = F402C6F31A6FBAC7002F6DE4 /* udpconnection.cpp */; };
		F402C6F51A6FBD81002F6DE4 /* udpconnection.cpp in Sources */ = {isa = PBXBuildFile; fileRef = F402C6F31A6FBAC7002F6DE4 /* udpconnection.cpp */; };
		F4288AF51A8E0628003B12AE /* log.cpp in Sources */ = {isa = PBXBuildFile; fileRef = F4288AF41A8E0628003B12AE /* log.cpp */; };
		F4288AF61A8E0A69003B12AE /* log.cpp in Sources */ = {isa = PBXBuildFile; fileRef = F4288AF41A8E0628003B12AE /* log.cpp */; };
		F42B03C01A7E2E0C00B788F1 /* circularbuffer.cpp in Sources */ = {isa = PBXBuildFile; fileRef = F42B03BF1A7E2E0C00B788F1 /* circularbuffer.cpp */; };
		F42B03C11A7E2F9D00B788F1 /* circularbuffer.cpp in Sources */ = {isa = PBXBuildFile; fileRef = F42B03BF1A7E2E0C00B788F1 /* circularbuffer.cpp */; };
		F42B03C61A7F760600B788F1 /* Makefile in Sources */ = {isa = PBXBuildFile; fileRef = F42B03C31A7F760600B788F1 /* Makefile */; };
		F42D0D841A6D0A4500FF8421 /* bytearrayqueue.cpp in Sources */ = {isa = PBXBuildFile; fileRef = F42D0D831A6D0A4500FF8421 /* bytearrayqueue.cpp */; };
		F42D0D871A6D0AB700FF8421 /* synchronizer.cpp in Sources */ = {isa = PBXBuildFile; fileRef = F42D0D861A6D0AB700FF8421 /* synchronizer.cpp */; };
		F42D0D9A1A6D0B0A00FF8421 /* array.c in Sources */ = {isa = PBXBuildFile; fileRef = F42D0D891A6D0B0A00FF8421 /* array.c */; };
		F42D0D9B1A6D0B0A00FF8421 /* bytestream.c in Sources */ = {isa = PBXBuildFile; fileRef = F42D0D8A1A6D0B0A00FF8421 /* bytestream.c */; };
		F42D0D9C1A6D0B0A00FF8421 /* conversion.c in Sources */ = {isa = PBXBuildFile; fileRef = F42D0D8B1A6D0B0A00FF8421 /* conversion.c */; };
		F42D0D9D1A6D0B0A00FF8421 /* crc.c in Sources */ = {isa = PBXBuildFile; fileRef = F42D0D8C1A6D0B0A00FF8421 /* crc.c */; };
		F42D0D9E1A6D0B0A00FF8421 /* hashtable.c in Sources */ = {isa = PBXBuildFile; fileRef = F42D0D8D1A6D0B0A00FF8421 /* hashtable.c */; };
		F42D0D9F1A6D0B0A00FF8421 /* list.c in Sources */ = {isa = PBXBuildFile; fileRef = F42D0D8E1A6D0B0A00FF8421 /* list.c */; };
		F42D0DA01A6D0B0A00FF8421 /* log-basic.c in Sources */ = {isa = PBXBuildFile; fileRef = F42D0D8F1A6D0B0A00FF8421 /* log-basic.c */; };
		F42D0DA11A6D0B0A00FF8421 /* networkstack-options.c in Sources */ = {isa = PBXBuildFile; fileRef = F42D0D901A6D0B0A00FF8421 /* networkstack-options.c */; };
		F42D0DA21A6D0B0A00FF8421 /* networkstack-private.h in Headers */ = {isa = PBXBuildFile; fileRef = F42D0D911A6D0B0A00FF8421 /* networkstack-private.h */; };
		F42D0DA31A6D0B0A00FF8421 /* networkstack-tcp.c in Sources */ = {isa = PBXBuildFile; fileRef = F42D0D921A6D0B0A00FF8421 /* networkstack-tcp.c */; };
		F42D0DA41A6D0B0A00FF8421 /* networkstack-udp.c in Sources */ = {isa = PBXBuildFile; fileRef = F42D0D931A6D0B0A00FF8421 /* networkstack-udp.c */; };
		F42D0DA51A6D0B0A00FF8421 /* random.c in Sources */ = {isa = PBXBuildFile; fileRef = F42D0D941A6D0B0A00FF8421 /* random.c */; };
		F42D0DA61A6D0B0A00FF8421 /* randomLfsr.c in Sources */ = {isa = PBXBuildFile; fileRef = F42D0D951A6D0B0A00FF8421 /* randomLfsr.c */; };
		F42D0DA71A6D0B0A00FF8421 /* str.c in Sources */ = {isa = PBXBuildFile; fileRef = F42D0D961A6D0B0A00FF8421 /* str.c */; };
		F42D0DA81A6D0B0A00FF8421 /* time.c in Sources */ = {isa = PBXBuildFile; fileRef = F42D0D971A6D0B0A00FF8421 /* time.c */; };
		F42D0DA91A6D0B0A00FF8421 /* timer.c in Sources */ = {isa = PBXBuildFile; fileRef = F42D0D981A6D0B0A00FF8421 /* timer.c */; };
		F42D0DAA1A6D0B0A00FF8421 /* utils.c in Sources */ = {isa = PBXBuildFile; fileRef = F42D0D991A6D0B0A00FF8421 /* utils.c */; };
		F42D0DB01A6D0B3800FF8421 /* networkstack_osx.c in Sources */ = {isa = PBXBuildFile; fileRef = F42D0DAD1A6D0B3800FF8421 /* networkstack_osx.c */; };
		F42D0DB11A6D0B3800FF8421 /* uart.c in Sources */ = {isa = PBXBuildFile; fileRef = F42D0DAE1A6D0B3800FF8421 /* uart.c */; };
		F42D0DB21A6D0B3800FF8421 /* utils_osx.c in Sources */ = {isa = PBXBuildFile; fileRef = F42D0DAF1A6D0B3800FF8421 /* utils_osx.c */; };
		F42D0DBA1A6D0B5600FF8421 /* conditionvar.c in Sources */ = {isa = PBXBuildFile; fileRef = F42D0DB41A6D0B5600FF8421 /* conditionvar.c */; };
		F42D0DBB1A6D0B5600FF8421 /* file.c in Sources */ = {isa = PBXBuildFile; fileRef = F42D0DB51A6D0B5600FF8421 /* file.c */; };
		F42D0DBC1A6D0B5600FF8421 /* mutex.c in Sources */ = {isa = PBXBuildFile; fileRef = F42D0DB61A6D0B5600FF8421 /* mutex.c */; };
		F42D0DBD1A6D0B5600FF8421 /* thread.c in Sources */ = {isa = PBXBuildFile; fileRef = F42D0DB71A6D0B5600FF8421 /* thread.c */; };
		F42D0DBE1A6D0B5600FF8421 /* uart_unix.c in Sources */ = {isa = PBXBuildFile; fileRef = F42D0DB81A6D0B5600FF8421 /* uart_unix.c */; };
		F42D0DBF1A6D0B5600FF8421 /* wait.c in Sources */ = {isa = PBXBuildFile; fileRef = F42D0DB91A6D0B5600FF8421 /* wait.c */; };
		F42D0DD41A6D0BE500FF8421 /* array.h in Headers */ = {isa = PBXBuildFile; fileRef = F42D0DC11A6D0BE500FF8421 /* array.h */; };
		F42D0DD51A6D0BE500FF8421 /* babcode.h in Headers */ = {isa = PBXBuildFile; fileRef = F42D0DC21A6D0BE500FF8421 /* babcode.h */; };
		F42D0DD61A6D0BE500FF8421 /* bytestream.h in Headers */ = {isa = PBXBuildFile; fileRef = F42D0DC31A6D0BE500FF8421 /* bytestream.h */; };
		F42D0DD71A6D0BE500FF8421 /* conditionvar.h in Headers */ = {isa = PBXBuildFile; fileRef = F42D0DC41A6D0BE500FF8421 /* conditionvar.h */; };
		F42D0DD81A6D0BE500FF8421 /* conversion.h in Headers */ = {isa = PBXBuildFile; fileRef = F42D0DC51A6D0BE500FF8421 /* conversion.h */; };
		F42D0DD91A6D0BE500FF8421 /* file.h in Headers */ = {isa = PBXBuildFile; fileRef = F42D0DC61A6D0BE500FF8421 /* file.h */; };
		F42D0DDA1A6D0BE500FF8421 /* hashtable.h in Headers */ = {isa = PBXBuildFile; fileRef = F42D0DC71A6D0BE500FF8421 /* hashtable.h */; };
		F42D0DDB1A6D0BE500FF8421 /* list.h in Headers */ = {isa = PBXBuildFile; fileRef = F42D0DC81A6D0BE500FF8421 /* list.h */; };
		F42D0DDC1A6D0BE500FF8421 /* log-basic.h in Headers */ = {isa = PBXBuildFile; fileRef = F42D0DC91A6D0BE500FF8421 /* log-basic.h */; };
		F42D0DDD1A6D0BE500FF8421 /* mutex.h in Headers */ = {isa = PBXBuildFile; fileRef = F42D0DCA1A6D0BE500FF8421 /* mutex.h */; };
		F42D0DDE1A6D0BE500FF8421 /* networkstack.h in Headers */ = {isa = PBXBuildFile; fileRef = F42D0DCB1A6D0BE500FF8421 /* networkstack.h */; };
		F42D0DDF1A6D0BE500FF8421 /* random.h in Headers */ = {isa = PBXBuildFile; fileRef = F42D0DCC1A6D0BE500FF8421 /* random.h */; };
		F42D0DE01A6D0BE500FF8421 /* str.h in Headers */ = {isa = PBXBuildFile; fileRef = F42D0DCD1A6D0BE500FF8421 /* str.h */; };
		F42D0DE11A6D0BE500FF8421 /* thread.h in Headers */ = {isa = PBXBuildFile; fileRef = F42D0DCE1A6D0BE500FF8421 /* thread.h */; };
		F42D0DE21A6D0BE500FF8421 /* timer.h in Headers */ = {isa = PBXBuildFile; fileRef = F42D0DCF1A6D0BE500FF8421 /* timer.h */; };
		F42D0DE31A6D0BE500FF8421 /* types.h in Headers */ = {isa = PBXBuildFile; fileRef = F42D0DD01A6D0BE500FF8421 /* types.h */; };
		F42D0DE41A6D0BE500FF8421 /* uart.h in Headers */ = {isa = PBXBuildFile; fileRef = F42D0DD11A6D0BE500FF8421 /* uart.h */; };
		F42D0DE51A6D0BE500FF8421 /* utils.h in Headers */ = {isa = PBXBuildFile; fileRef = F42D0DD21A6D0BE500FF8421 /* utils.h */; };
		F42D0DE61A6D0BE500FF8421 /* wait.h in Headers */ = {isa = PBXBuildFile; fileRef = F42D0DD31A6D0BE500FF8421 /* wait.h */; };
		F42D0DE91A6D0C5200FF8421 /* fsm.cpp in Sources */ = {isa = PBXBuildFile; fileRef = F42D0DE81A6D0C5200FF8421 /* fsm.cpp */; };
		F42D0DED1A6D0DC600FF8421 /* utils_osx.c in Sources */ = {isa = PBXBuildFile; fileRef = F42D0DAF1A6D0B3800FF8421 /* utils_osx.c */; };
		F42D0DEE1A6D0DC600FF8421 /* str.c in Sources */ = {isa = PBXBuildFile; fileRef = F42D0D961A6D0B0A00FF8421 /* str.c */; };
		F42D0DEF1A6D0DC600FF8421 /* log-basic.c in Sources */ = {isa = PBXBuildFile; fileRef = F42D0D8F1A6D0B0A00FF8421 /* log-basic.c */; };
		F42D0DF01A6D0DC600FF8421 /* mutex.c in Sources */ = {isa = PBXBuildFile; fileRef = F42D0DB61A6D0B5600FF8421 /* mutex.c */; };
		F42D0DF11A6D0DC600FF8421 /* networkstack-udp.c in Sources */ = {isa = PBXBuildFile; fileRef = F42D0D931A6D0B0A00FF8421 /* networkstack-udp.c */; };
		F42D0DF21A6D0DC600FF8421 /* utils.c in Sources */ = {isa = PBXBuildFile; fileRef = F42D0D991A6D0B0A00FF8421 /* utils.c */; };
		F42D0DF31A6D0DC600FF8421 /* networkstack-tcp.c in Sources */ = {isa = PBXBuildFile; fileRef = F42D0D921A6D0B0A00FF8421 /* networkstack-tcp.c */; };
		F42D0DF41A6D0DC600FF8421 /* file.c in Sources */ = {isa = PBXBuildFile; fileRef = F42D0DB51A6D0B5600FF8421 /* file.c */; };
		F42D0DF51A6D0DC600FF8421 /* crc.c in Sources */ = {isa = PBXBuildFile; fileRef = F42D0D8C1A6D0B0A00FF8421 /* crc.c */; };
		F42D0DF61A6D0DC600FF8421 /* networkstack-options.c in Sources */ = {isa = PBXBuildFile; fileRef = F42D0D901A6D0B0A00FF8421 /* networkstack-options.c */; };
		F42D0DF71A6D0DC600FF8421 /* time.c in Sources */ = {isa = PBXBuildFile; fileRef = F42D0D971A6D0B0A00FF8421 /* time.c */; };
		F42D0DF81A6D0DC600FF8421 /* networkstack_osx.c in Sources */ = {isa = PBXBuildFile; fileRef = F42D0DAD1A6D0B3800FF8421 /* networkstack_osx.c */; };
		F42D0DF91A6D0DC600FF8421 /* wait.c in Sources */ = {isa = PBXBuildFile; fileRef = F42D0DB91A6D0B5600FF8421 /* wait.c */; };
		F42D0DFA1A6D0DC600FF8421 /* timer.c in Sources */ = {isa = PBXBuildFile; fileRef = F42D0D981A6D0B0A00FF8421 /* timer.c */; };
		F42D0DFB1A6D0DC600FF8421 /* fsm.cpp in Sources */ = {isa = PBXBuildFile; fileRef = F42D0DE81A6D0C5200FF8421 /* fsm.cpp */; };
		F42D0DFC1A6D0DC600FF8421 /* array.c in Sources */ = {isa = PBXBuildFile; fileRef = F42D0D891A6D0B0A00FF8421 /* array.c */; };
		F42D0DFD1A6D0DC600FF8421 /* hashtable.c in Sources */ = {isa = PBXBuildFile; fileRef = F42D0D8D1A6D0B0A00FF8421 /* hashtable.c */; };
		F42D0DFE1A6D0DC600FF8421 /* list.c in Sources */ = {isa = PBXBuildFile; fileRef = F42D0D8E1A6D0B0A00FF8421 /* list.c */; };
		F42D0DFF1A6D0DC600FF8421 /* conversion.c in Sources */ = {isa = PBXBuildFile; fileRef = F42D0D8B1A6D0B0A00FF8421 /* conversion.c */; };
		F42D0E001A6D0DC600FF8421 /* thread.c in Sources */ = {isa = PBXBuildFile; fileRef = F42D0DB71A6D0B5600FF8421 /* thread.c */; };
		F42D0E011A6D0DC600FF8421 /* randomLfsr.c in Sources */ = {isa = PBXBuildFile; fileRef = F42D0D951A6D0B0A00FF8421 /* randomLfsr.c */; };
		F42D0E021A6D0DC600FF8421 /* uart.c in Sources */ = {isa = PBXBuildFile; fileRef = F42D0DAE1A6D0B3800FF8421 /* uart.c */; };
		F42D0E031A6D0DC600FF8421 /* bytestream.c in Sources */ = {isa = PBXBuildFile; fileRef = F42D0D8A1A6D0B0A00FF8421 /* bytestream.c */; };
		F42D0E041A6D0DC600FF8421 /* uart_unix.c in Sources */ = {isa = PBXBuildFile; fileRef = F42D0DB81A6D0B5600FF8421 /* uart_unix.c */; };
		F42D0E051A6D0DC600FF8421 /* random.c in Sources */ = {isa = PBXBuildFile; fileRef = F42D0D941A6D0B0A00FF8421 /* random.c */; };
		F42D0E061A6D0DC600FF8421 /* bytearrayqueue.cpp in Sources */ = {isa = PBXBuildFile; fileRef = F42D0D831A6D0A4500FF8421 /* bytearrayqueue.cpp */; };
		F42D0E071A6D0DC600FF8421 /* synchronizer.cpp in Sources */ = {isa = PBXBuildFile; fileRef = F42D0D861A6D0AB700FF8421 /* synchronizer.cpp */; };
		F42D0E081A6D0DC600FF8421 /* conditionvar.c in Sources */ = {isa = PBXBuildFile; fileRef = F42D0DB41A6D0B5600FF8421 /* conditionvar.c */; };
		F42D0E0B1A6D0DC600FF8421 /* str.h in Headers */ = {isa = PBXBuildFile; fileRef = F42D0DCD1A6D0BE500FF8421 /* str.h */; };
		F42D0E0C1A6D0DC600FF8421 /* conditionvar.h in Headers */ = {isa = PBXBuildFile; fileRef = F42D0DC41A6D0BE500FF8421 /* conditionvar.h */; };
		F42D0E0D1A6D0DC600FF8421 /* types.h in Headers */ = {isa = PBXBuildFile; fileRef = F42D0DD01A6D0BE500FF8421 /* types.h */; };
		F42D0E0E1A6D0DC600FF8421 /* babcode.h in Headers */ = {isa = PBXBuildFile; fileRef = F42D0DC21A6D0BE500FF8421 /* babcode.h */; };
		F42D0E0F1A6D0DC600FF8421 /* conversion.h in Headers */ = {isa = PBXBuildFile; fileRef = F42D0DC51A6D0BE500FF8421 /* conversion.h */; };
		F42D0E101A6D0DC600FF8421 /* wait.h in Headers */ = {isa = PBXBuildFile; fileRef = F42D0DD31A6D0BE500FF8421 /* wait.h */; };
		F42D0E111A6D0DC600FF8421 /* array.h in Headers */ = {isa = PBXBuildFile; fileRef = F42D0DC11A6D0BE500FF8421 /* array.h */; };
		F42D0E121A6D0DC600FF8421 /* networkstack.h in Headers */ = {isa = PBXBuildFile; fileRef = F42D0DCB1A6D0BE500FF8421 /* networkstack.h */; };
		F42D0E131A6D0DC600FF8421 /* mutex.h in Headers */ = {isa = PBXBuildFile; fileRef = F42D0DCA1A6D0BE500FF8421 /* mutex.h */; };
		F42D0E141A6D0DC600FF8421 /* list.h in Headers */ = {isa = PBXBuildFile; fileRef = F42D0DC81A6D0BE500FF8421 /* list.h */; };
		F42D0E151A6D0DC600FF8421 /* bytestream.h in Headers */ = {isa = PBXBuildFile; fileRef = F42D0DC31A6D0BE500FF8421 /* bytestream.h */; };
		F42D0E161A6D0DC600FF8421 /* utils.h in Headers */ = {isa = PBXBuildFile; fileRef = F42D0DD21A6D0BE500FF8421 /* utils.h */; };
		F42D0E171A6D0DC600FF8421 /* random.h in Headers */ = {isa = PBXBuildFile; fileRef = F42D0DCC1A6D0BE500FF8421 /* random.h */; };
		F42D0E181A6D0DC600FF8421 /* hashtable.h in Headers */ = {isa = PBXBuildFile; fileRef = F42D0DC71A6D0BE500FF8421 /* hashtable.h */; };
		F42D0E191A6D0DC600FF8421 /* log-basic.h in Headers */ = {isa = PBXBuildFile; fileRef = F42D0DC91A6D0BE500FF8421 /* log-basic.h */; };
		F42D0E1A1A6D0DC600FF8421 /* thread.h in Headers */ = {isa = PBXBuildFile; fileRef = F42D0DCE1A6D0BE500FF8421 /* thread.h */; };
		F42D0E1B1A6D0DC600FF8421 /* uart.h in Headers */ = {isa = PBXBuildFile; fileRef = F42D0DD11A6D0BE500FF8421 /* uart.h */; };
		F42D0E1C1A6D0DC600FF8421 /* file.h in Headers */ = {isa = PBXBuildFile; fileRef = F42D0DC61A6D0BE500FF8421 /* file.h */; };
		F42D0E1D1A6D0DC600FF8421 /* timer.h in Headers */ = {isa = PBXBuildFile; fileRef = F42D0DCF1A6D0BE500FF8421 /* timer.h */; };
		F42D0E1E1A6D0DC600FF8421 /* networkstack-private.h in Headers */ = {isa = PBXBuildFile; fileRef = F42D0D911A6D0B0A00FF8421 /* networkstack-private.h */; };
		F454B7BE1AAF5B4200D36A0A /* callback.cpp in Sources */ = {isa = PBXBuildFile; fileRef = F454B7BD1AAF5B4200D36A0A /* callback.cpp */; };
		F4B27C511AC17AAF00F4AD27 /* cJSON.h in Headers */ = {isa = PBXBuildFile; fileRef = F4B27C501AC17AAF00F4AD27 /* cJSON.h */; };
		F4B27C531AC17AC200F4AD27 /* cJSON.c in Sources */ = {isa = PBXBuildFile; fileRef = F4B27C521AC17AC200F4AD27 /* cJSON.c */; };
		F4B27C561AC2D24B00F4AD27 /* cJSON.c in Sources */ = {isa = PBXBuildFile; fileRef = F4B27C521AC17AC200F4AD27 /* cJSON.c */; };
		F4B27C571AC2D24B00F4AD27 /* callback.cpp in Sources */ = {isa = PBXBuildFile; fileRef = F454B7BD1AAF5B4200D36A0A /* callback.cpp */; };
/* End PBXBuildFile section */

/* Begin PBXFileReference section */
		F402C6F21A6FB9FC002F6DE4 /* udpconnection.h */ = {isa = PBXFileReference; lastKnownFileType = sourcecode.c.h; name = udpconnection.h; path = ../../include/udpconnection.h; sourceTree = "<group>"; };
		F402C6F31A6FBAC7002F6DE4 /* udpconnection.cpp */ = {isa = PBXFileReference; fileEncoding = 4; lastKnownFileType = sourcecode.cpp.cpp; name = udpconnection.cpp; path = ../../source/udpconnection.cpp; sourceTree = "<group>"; };
		F4288AF31A8E0578003B12AE /* log.h */ = {isa = PBXFileReference; lastKnownFileType = sourcecode.c.h; name = log.h; path = ../../include/log.h; sourceTree = "<group>"; };
		F4288AF41A8E0628003B12AE /* log.cpp */ = {isa = PBXFileReference; fileEncoding = 4; lastKnownFileType = sourcecode.cpp.cpp; name = log.cpp; path = ../../source/log.cpp; sourceTree = "<group>"; };
		F42B03BE1A7E2DBC00B788F1 /* circularbuffer.h */ = {isa = PBXFileReference; lastKnownFileType = sourcecode.c.h; name = circularbuffer.h; path = ../../include/circularbuffer.h; sourceTree = "<group>"; };
		F42B03BF1A7E2E0C00B788F1 /* circularbuffer.cpp */ = {isa = PBXFileReference; fileEncoding = 4; lastKnownFileType = sourcecode.cpp.cpp; name = circularbuffer.cpp; path = ../../source/circularbuffer.cpp; sourceTree = "<group>"; };
		F42B03C31A7F760600B788F1 /* Makefile */ = {isa = PBXFileReference; fileEncoding = 4; lastKnownFileType = sourcecode.make; name = Makefile; path = ../linux/Makefile; sourceTree = "<group>"; };
		F42B03C41A7F760600B788F1 /* Makefile.armv7 */ = {isa = PBXFileReference; fileEncoding = 4; lastKnownFileType = text; name = Makefile.armv7; path = ../linux/Makefile.armv7; sourceTree = "<group>"; };
		F42B03C51A7F760600B788F1 /* Makefile.pi */ = {isa = PBXFileReference; fileEncoding = 4; lastKnownFileType = text; name = Makefile.pi; path = ../linux/Makefile.pi; sourceTree = "<group>"; };
		F42D0D781A6D09B000FF8421 /* libbabextendedd.a */ = {isa = PBXFileReference; explicitFileType = archive.ar; includeInIndex = 0; path = libbabextendedd.a; sourceTree = BUILT_PRODUCTS_DIR; };
		F42D0D811A6D09F400FF8421 /* babextended.h */ = {isa = PBXFileReference; lastKnownFileType = sourcecode.c.h; name = babextended.h; path = ../../include/babextended.h; sourceTree = "<group>"; };
		F42D0D821A6D0A2C00FF8421 /* queue.h */ = {isa = PBXFileReference; lastKnownFileType = sourcecode.c.h; name = queue.h; path = ../../include/queue.h; sourceTree = "<group>"; };
		F42D0D831A6D0A4500FF8421 /* bytearrayqueue.cpp */ = {isa = PBXFileReference; fileEncoding = 4; lastKnownFileType = sourcecode.cpp.cpp; name = bytearrayqueue.cpp; path = ../../source/bytearrayqueue.cpp; sourceTree = "<group>"; };
		F42D0D851A6D0A9E00FF8421 /* synchronizer.h */ = {isa = PBXFileReference; lastKnownFileType = sourcecode.c.h; name = synchronizer.h; path = ../../include/synchronizer.h; sourceTree = "<group>"; };
		F42D0D861A6D0AB700FF8421 /* synchronizer.cpp */ = {isa = PBXFileReference; fileEncoding = 4; lastKnownFileType = sourcecode.cpp.cpp; name = synchronizer.cpp; path = ../../source/synchronizer.cpp; sourceTree = "<group>"; };
		F42D0D891A6D0B0A00FF8421 /* array.c */ = {isa = PBXFileReference; fileEncoding = 4; lastKnownFileType = sourcecode.c.c; name = array.c; path = ../../../babcode/source/array.c; sourceTree = "<group>"; };
		F42D0D8A1A6D0B0A00FF8421 /* bytestream.c */ = {isa = PBXFileReference; fileEncoding = 4; lastKnownFileType = sourcecode.c.c; name = bytestream.c; path = ../../../babcode/source/bytestream.c; sourceTree = "<group>"; };
		F42D0D8B1A6D0B0A00FF8421 /* conversion.c */ = {isa = PBXFileReference; fileEncoding = 4; lastKnownFileType = sourcecode.c.c; name = conversion.c; path = ../../../babcode/source/conversion.c; sourceTree = "<group>"; };
		F42D0D8C1A6D0B0A00FF8421 /* crc.c */ = {isa = PBXFileReference; fileEncoding = 4; lastKnownFileType = sourcecode.c.c; name = crc.c; path = ../../../babcode/source/crc.c; sourceTree = "<group>"; };
		F42D0D8D1A6D0B0A00FF8421 /* hashtable.c */ = {isa = PBXFileReference; fileEncoding = 4; lastKnownFileType = sourcecode.c.c; name = hashtable.c; path = ../../../babcode/source/hashtable.c; sourceTree = "<group>"; };
		F42D0D8E1A6D0B0A00FF8421 /* list.c */ = {isa = PBXFileReference; fileEncoding = 4; lastKnownFileType = sourcecode.c.c; name = list.c; path = ../../../babcode/source/list.c; sourceTree = "<group>"; };
		F42D0D8F1A6D0B0A00FF8421 /* log-basic.c */ = {isa = PBXFileReference; fileEncoding = 4; lastKnownFileType = sourcecode.c.c; name = "log-basic.c"; path = "../../../babcode/source/log-basic.c"; sourceTree = "<group>"; };
		F42D0D901A6D0B0A00FF8421 /* networkstack-options.c */ = {isa = PBXFileReference; fileEncoding = 4; lastKnownFileType = sourcecode.c.c; name = "networkstack-options.c"; path = "../../../babcode/source/networkstack-options.c"; sourceTree = "<group>"; };
		F42D0D911A6D0B0A00FF8421 /* networkstack-private.h */ = {isa = PBXFileReference; fileEncoding = 4; lastKnownFileType = sourcecode.c.h; name = "networkstack-private.h"; path = "../../../babcode/source/networkstack-private.h"; sourceTree = "<group>"; };
		F42D0D921A6D0B0A00FF8421 /* networkstack-tcp.c */ = {isa = PBXFileReference; fileEncoding = 4; lastKnownFileType = sourcecode.c.c; name = "networkstack-tcp.c"; path = "../../../babcode/source/networkstack-tcp.c"; sourceTree = "<group>"; };
		F42D0D931A6D0B0A00FF8421 /* networkstack-udp.c */ = {isa = PBXFileReference; fileEncoding = 4; lastKnownFileType = sourcecode.c.c; name = "networkstack-udp.c"; path = "../../../babcode/source/networkstack-udp.c"; sourceTree = "<group>"; };
		F42D0D941A6D0B0A00FF8421 /* random.c */ = {isa = PBXFileReference; fileEncoding = 4; lastKnownFileType = sourcecode.c.c; name = random.c; path = ../../../babcode/source/random.c; sourceTree = "<group>"; };
		F42D0D951A6D0B0A00FF8421 /* randomLfsr.c */ = {isa = PBXFileReference; fileEncoding = 4; lastKnownFileType = sourcecode.c.c; name = randomLfsr.c; path = ../../../babcode/source/randomLfsr.c; sourceTree = "<group>"; };
		F42D0D961A6D0B0A00FF8421 /* str.c */ = {isa = PBXFileReference; fileEncoding = 4; lastKnownFileType = sourcecode.c.c; name = str.c; path = ../../../babcode/source/str.c; sourceTree = "<group>"; };
		F42D0D971A6D0B0A00FF8421 /* time.c */ = {isa = PBXFileReference; fileEncoding = 4; lastKnownFileType = sourcecode.c.c; name = time.c; path = ../../../babcode/source/time.c; sourceTree = "<group>"; };
		F42D0D981A6D0B0A00FF8421 /* timer.c */ = {isa = PBXFileReference; fileEncoding = 4; lastKnownFileType = sourcecode.c.c; name = timer.c; path = ../../../babcode/source/timer.c; sourceTree = "<group>"; };
		F42D0D991A6D0B0A00FF8421 /* utils.c */ = {isa = PBXFileReference; fileEncoding = 4; lastKnownFileType = sourcecode.c.c; name = utils.c; path = ../../../babcode/source/utils.c; sourceTree = "<group>"; };
		F42D0DAD1A6D0B3800FF8421 /* networkstack_osx.c */ = {isa = PBXFileReference; fileEncoding = 4; lastKnownFileType = sourcecode.c.c; name = networkstack_osx.c; path = ../../../babcode/platform/macosx/networkstack_osx.c; sourceTree = "<group>"; };
		F42D0DAE1A6D0B3800FF8421 /* uart.c */ = {isa = PBXFileReference; fileEncoding = 4; lastKnownFileType = sourcecode.c.c; name = uart.c; path = ../../../babcode/platform/macosx/uart.c; sourceTree = "<group>"; };
		F42D0DAF1A6D0B3800FF8421 /* utils_osx.c */ = {isa = PBXFileReference; fileEncoding = 4; lastKnownFileType = sourcecode.c.c; name = utils_osx.c; path = ../../../babcode/platform/macosx/utils_osx.c; sourceTree = "<group>"; };
		F42D0DB41A6D0B5600FF8421 /* conditionvar.c */ = {isa = PBXFileReference; fileEncoding = 4; lastKnownFileType = sourcecode.c.c; name = conditionvar.c; path = ../../../babcode/platform/unix/conditionvar.c; sourceTree = "<group>"; };
		F42D0DB51A6D0B5600FF8421 /* file.c */ = {isa = PBXFileReference; fileEncoding = 4; lastKnownFileType = sourcecode.c.c; name = file.c; path = ../../../babcode/platform/unix/file.c; sourceTree = "<group>"; };
		F42D0DB61A6D0B5600FF8421 /* mutex.c */ = {isa = PBXFileReference; fileEncoding = 4; lastKnownFileType = sourcecode.c.c; name = mutex.c; path = ../../../babcode/platform/unix/mutex.c; sourceTree = "<group>"; };
		F42D0DB71A6D0B5600FF8421 /* thread.c */ = {isa = PBXFileReference; fileEncoding = 4; lastKnownFileType = sourcecode.c.c; name = thread.c; path = ../../../babcode/platform/unix/thread.c; sourceTree = "<group>"; };
		F42D0DB81A6D0B5600FF8421 /* uart_unix.c */ = {isa = PBXFileReference; fileEncoding = 4; lastKnownFileType = sourcecode.c.c; name = uart_unix.c; path = ../../../babcode/platform/unix/uart_unix.c; sourceTree = "<group>"; };
		F42D0DB91A6D0B5600FF8421 /* wait.c */ = {isa = PBXFileReference; fileEncoding = 4; lastKnownFileType = sourcecode.c.c; name = wait.c; path = ../../../babcode/platform/unix/wait.c; sourceTree = "<group>"; };
		F42D0DC11A6D0BE500FF8421 /* array.h */ = {isa = PBXFileReference; fileEncoding = 4; lastKnownFileType = sourcecode.c.h; name = array.h; path = ../../../babcode/include/array.h; sourceTree = "<group>"; };
		F42D0DC21A6D0BE500FF8421 /* babcode.h */ = {isa = PBXFileReference; fileEncoding = 4; lastKnownFileType = sourcecode.c.h; name = babcode.h; path = ../../../babcode/include/babcode.h; sourceTree = "<group>"; };
		F42D0DC31A6D0BE500FF8421 /* bytestream.h */ = {isa = PBXFileReference; fileEncoding = 4; lastKnownFileType = sourcecode.c.h; name = bytestream.h; path = ../../../babcode/include/bytestream.h; sourceTree = "<group>"; };
		F42D0DC41A6D0BE500FF8421 /* conditionvar.h */ = {isa = PBXFileReference; fileEncoding = 4; lastKnownFileType = sourcecode.c.h; name = conditionvar.h; path = ../../../babcode/include/conditionvar.h; sourceTree = "<group>"; };
		F42D0DC51A6D0BE500FF8421 /* conversion.h */ = {isa = PBXFileReference; fileEncoding = 4; lastKnownFileType = sourcecode.c.h; name = conversion.h; path = ../../../babcode/include/conversion.h; sourceTree = "<group>"; };
		F42D0DC61A6D0BE500FF8421 /* file.h */ = {isa = PBXFileReference; fileEncoding = 4; lastKnownFileType = sourcecode.c.h; name = file.h; path = ../../../babcode/include/file.h; sourceTree = "<group>"; };
		F42D0DC71A6D0BE500FF8421 /* hashtable.h */ = {isa = PBXFileReference; fileEncoding = 4; lastKnownFileType = sourcecode.c.h; name = hashtable.h; path = ../../../babcode/include/hashtable.h; sourceTree = "<group>"; };
		F42D0DC81A6D0BE500FF8421 /* list.h */ = {isa = PBXFileReference; fileEncoding = 4; lastKnownFileType = sourcecode.c.h; name = list.h; path = ../../../babcode/include/list.h; sourceTree = "<group>"; };
		F42D0DC91A6D0BE500FF8421 /* log-basic.h */ = {isa = PBXFileReference; fileEncoding = 4; lastKnownFileType = sourcecode.c.h; name = "log-basic.h"; path = "../../../babcode/include/log-basic.h"; sourceTree = "<group>"; };
		F42D0DCA1A6D0BE500FF8421 /* mutex.h */ = {isa = PBXFileReference; fileEncoding = 4; lastKnownFileType = sourcecode.c.h; name = mutex.h; path = ../../../babcode/include/mutex.h; sourceTree = "<group>"; };
		F42D0DCB1A6D0BE500FF8421 /* networkstack.h */ = {isa = PBXFileReference; fileEncoding = 4; lastKnownFileType = sourcecode.c.h; name = networkstack.h; path = ../../../babcode/include/networkstack.h; sourceTree = "<group>"; };
		F42D0DCC1A6D0BE500FF8421 /* random.h */ = {isa = PBXFileReference; fileEncoding = 4; lastKnownFileType = sourcecode.c.h; name = random.h; path = ../../../babcode/include/random.h; sourceTree = "<group>"; };
		F42D0DCD1A6D0BE500FF8421 /* str.h */ = {isa = PBXFileReference; fileEncoding = 4; lastKnownFileType = sourcecode.c.h; name = str.h; path = ../../../babcode/include/str.h; sourceTree = "<group>"; };
		F42D0DCE1A6D0BE500FF8421 /* thread.h */ = {isa = PBXFileReference; fileEncoding = 4; lastKnownFileType = sourcecode.c.h; name = thread.h; path = ../../../babcode/include/thread.h; sourceTree = "<group>"; };
		F42D0DCF1A6D0BE500FF8421 /* timer.h */ = {isa = PBXFileReference; fileEncoding = 4; lastKnownFileType = sourcecode.c.h; name = timer.h; path = ../../../babcode/include/timer.h; sourceTree = "<group>"; };
		F42D0DD01A6D0BE500FF8421 /* types.h */ = {isa = PBXFileReference; fileEncoding = 4; lastKnownFileType = sourcecode.c.h; name = types.h; path = ../../../babcode/include/types.h; sourceTree = "<group>"; };
		F42D0DD11A6D0BE500FF8421 /* uart.h */ = {isa = PBXFileReference; fileEncoding = 4; lastKnownFileType = sourcecode.c.h; name = uart.h; path = ../../../babcode/include/uart.h; sourceTree = "<group>"; };
		F42D0DD21A6D0BE500FF8421 /* utils.h */ = {isa = PBXFileReference; fileEncoding = 4; lastKnownFileType = sourcecode.c.h; name = utils.h; path = ../../../babcode/include/utils.h; sourceTree = "<group>"; };
		F42D0DD31A6D0BE500FF8421 /* wait.h */ = {isa = PBXFileReference; fileEncoding = 4; lastKnownFileType = sourcecode.c.h; name = wait.h; path = ../../../babcode/include/wait.h; sourceTree = "<group>"; };
		F42D0DE71A6D0C3C00FF8421 /* fsm.h */ = {isa = PBXFileReference; lastKnownFileType = sourcecode.c.h; name = fsm.h; path = ../../include/fsm.h; sourceTree = "<group>"; };
		F42D0DE81A6D0C5200FF8421 /* fsm.cpp */ = {isa = PBXFileReference; fileEncoding = 4; lastKnownFileType = sourcecode.cpp.cpp; name = fsm.cpp; path = ../../source/fsm.cpp; sourceTree = "<group>"; };
		F42D0DEA1A6D0CF700FF8421 /* vector.h */ = {isa = PBXFileReference; lastKnownFileType = sourcecode.c.h; name = vector.h; path = ../../include/vector.h; sourceTree = "<group>"; };
		F42D0E221A6D0DC600FF8421 /* libbabextended.a */ = {isa = PBXFileReference; explicitFileType = archive.ar; includeInIndex = 0; path = libbabextended.a; sourceTree = BUILT_PRODUCTS_DIR; };
		F454B7BD1AAF5B4200D36A0A /* callback.cpp */ = {isa = PBXFileReference; fileEncoding = 4; lastKnownFileType = sourcecode.cpp.cpp; name = callback.cpp; path = ../../source/callback.cpp; sourceTree = "<group>"; };
		F454B7BF1AAF5BC300D36A0A /* vectorimpl.h */ = {isa = PBXFileReference; lastKnownFileType = sourcecode.c.h; name = vectorimpl.h; path = ../../include/vectorimpl.h; sourceTree = "<group>"; };
		F47E5A991AA610EE003FF696 /* callback.h */ = {isa = PBXFileReference; lastKnownFileType = sourcecode.c.h; name = callback.h; path = ../../include/callback.h; sourceTree = "<group>"; };
		F4B27C501AC17AAF00F4AD27 /* cJSON.h */ = {isa = PBXFileReference; fileEncoding = 4; lastKnownFileType = sourcecode.c.h; name = cJSON.h; path = ../../include/cJSON.h; sourceTree = "<group>"; };
		F4B27C521AC17AC200F4AD27 /* cJSON.c */ = {isa = PBXFileReference; fileEncoding = 4; lastKnownFileType = sourcecode.c.c; name = cJSON.c; path = ../../source/cJSON.c; sourceTree = "<group>"; };
		F4B27C541AC17BBE00F4AD27 /* jsontranslator.h */ = {isa = PBXFileReference; lastKnownFileType = sourcecode.c.h; name = jsontranslator.h; path = ../../include/jsontranslator.h; sourceTree = "<group>"; };
		F4B27C551AC17C0700F4AD27 /* jsontranslatorimpl.h */ = {isa = PBXFileReference; lastKnownFileType = sourcecode.c.h; name = jsontranslatorimpl.h; path = ../../include/jsontranslatorimpl.h; sourceTree = "<group>"; };
		F4CC96221A73A80E003F43BB /* queueimpl.h */ = {isa = PBXFileReference; lastKnownFileType = sourcecode.c.h; name = queueimpl.h; path = ../../include/queueimpl.h; sourceTree = "<group>"; };
		F4CC96231A73AD1E003F43BB /* bytearrayqueue.h */ = {isa = PBXFileReference; lastKnownFileType = sourcecode.c.h; name = bytearrayqueue.h; path = ../../include/bytearrayqueue.h; sourceTree = "<group>"; };
/* End PBXFileReference section */

/* Begin PBXFrameworksBuildPhase section */
		F42D0D751A6D09B000FF8421 /* Frameworks */ = {
			isa = PBXFrameworksBuildPhase;
			buildActionMask = 2147483647;
			files = (
			);
			runOnlyForDeploymentPostprocessing = 0;
		};
		F42D0E091A6D0DC600FF8421 /* Frameworks */ = {
			isa = PBXFrameworksBuildPhase;
			buildActionMask = 2147483647;
			files = (
			);
			runOnlyForDeploymentPostprocessing = 0;
		};
/* End PBXFrameworksBuildPhase section */

/* Begin PBXGroup section */
		F42B03C21A7F75F300B788F1 /* Makefile-Linux */ = {
			isa = PBXGroup;
			children = (
				F42B03C31A7F760600B788F1 /* Makefile */,
				F42B03C41A7F760600B788F1 /* Makefile.armv7 */,
				F42B03C51A7F760600B788F1 /* Makefile.pi */,
			);
			name = "Makefile-Linux";
			sourceTree = "<group>";
		};
		F42D0D6F1A6D09B000FF8421 = {
			isa = PBXGroup;
			children = (
				F42B03C21A7F75F300B788F1 /* Makefile-Linux */,
				F42D0D7F1A6D09D200FF8421 /* Include */,
				F42D0D881A6D0AE100FF8421 /* Source-C */,
				F42D0D801A6D09DC00FF8421 /* Source */,
				F42D0D791A6D09B000FF8421 /* Products */,
			);
			sourceTree = "<group>";
		};
		F42D0D791A6D09B000FF8421 /* Products */ = {
			isa = PBXGroup;
			children = (
				F42D0D781A6D09B000FF8421 /* libbabextendedd.a */,
				F42D0E221A6D0DC600FF8421 /* libbabextended.a */,
			);
			name = Products;
			sourceTree = "<group>";
		};
		F42D0D7F1A6D09D200FF8421 /* Include */ = {
			isa = PBXGroup;
			children = (
				F42D0DC01A6D0BD300FF8421 /* Include-Babcode */,
				F42D0D811A6D09F400FF8421 /* babextended.h */,
				F4CC96231A73AD1E003F43BB /* bytearrayqueue.h */,
				F47E5A991AA610EE003FF696 /* callback.h */,
				F42B03BE1A7E2DBC00B788F1 /* circularbuffer.h */,
				F4B27C501AC17AAF00F4AD27 /* cJSON.h */,
				F42D0DE71A6D0C3C00FF8421 /* fsm.h */,
				F4B27C541AC17BBE00F4AD27 /* jsontranslator.h */,
				F4B27C551AC17C0700F4AD27 /* jsontranslatorimpl.h */,
				F4288AF31A8E0578003B12AE /* log.h */,
				F42D0D821A6D0A2C00FF8421 /* queue.h */,
				F4CC96221A73A80E003F43BB /* queueimpl.h */,
				F42D0D851A6D0A9E00FF8421 /* synchronizer.h */,
				F402C6F21A6FB9FC002F6DE4 /* udpconnection.h */,
				F42D0DEA1A6D0CF700FF8421 /* vector.h */,
				F454B7BF1AAF5BC300D36A0A /* vectorimpl.h */,
			);
			name = Include;
			sourceTree = "<group>";
		};
		F42D0D801A6D09DC00FF8421 /* Source */ = {
			isa = PBXGroup;
			children = (
				F4B27C521AC17AC200F4AD27 /* cJSON.c */,
				F42D0D831A6D0A4500FF8421 /* bytearrayqueue.cpp */,
				F454B7BD1AAF5B4200D36A0A /* callback.cpp */,
				F42B03BF1A7E2E0C00B788F1 /* circularbuffer.cpp */,
				F42D0DE81A6D0C5200FF8421 /* fsm.cpp */,
				F4288AF41A8E0628003B12AE /* log.cpp */,
				F42D0D861A6D0AB700FF8421 /* synchronizer.cpp */,
				F402C6F31A6FBAC7002F6DE4 /* udpconnection.cpp */,
			);
			name = Source;
			sourceTree = "<group>";
		};
		F42D0D881A6D0AE100FF8421 /* Source-C */ = {
			isa = PBXGroup;
			children = (
				F42D0DB31A6D0B3F00FF8421 /* Unix */,
				F42D0DAC1A6D0B2000FF8421 /* OSX */,
				F42D0DAB1A6D0B1100FF8421 /* Common */,
			);
			name = "Source-C";
			sourceTree = "<group>";
		};
		F42D0DAB1A6D0B1100FF8421 /* Common */ = {
			isa = PBXGroup;
			children = (
				F42D0D891A6D0B0A00FF8421 /* array.c */,
				F42D0D8A1A6D0B0A00FF8421 /* bytestream.c */,
				F42D0D8B1A6D0B0A00FF8421 /* conversion.c */,
				F42D0D8C1A6D0B0A00FF8421 /* crc.c */,
				F42D0D8D1A6D0B0A00FF8421 /* hashtable.c */,
				F42D0D8E1A6D0B0A00FF8421 /* list.c */,
				F42D0D8F1A6D0B0A00FF8421 /* log-basic.c */,
				F42D0D901A6D0B0A00FF8421 /* networkstack-options.c */,
				F42D0D911A6D0B0A00FF8421 /* networkstack-private.h */,
				F42D0D921A6D0B0A00FF8421 /* networkstack-tcp.c */,
				F42D0D931A6D0B0A00FF8421 /* networkstack-udp.c */,
				F42D0D941A6D0B0A00FF8421 /* random.c */,
				F42D0D951A6D0B0A00FF8421 /* randomLfsr.c */,
				F42D0D961A6D0B0A00FF8421 /* str.c */,
				F42D0D971A6D0B0A00FF8421 /* time.c */,
				F42D0D981A6D0B0A00FF8421 /* timer.c */,
				F42D0D991A6D0B0A00FF8421 /* utils.c */,
			);
			name = Common;
			sourceTree = "<group>";
		};
		F42D0DAC1A6D0B2000FF8421 /* OSX */ = {
			isa = PBXGroup;
			children = (
				F42D0DAD1A6D0B3800FF8421 /* networkstack_osx.c */,
				F42D0DAE1A6D0B3800FF8421 /* uart.c */,
				F42D0DAF1A6D0B3800FF8421 /* utils_osx.c */,
			);
			name = OSX;
			sourceTree = "<group>";
		};
		F42D0DB31A6D0B3F00FF8421 /* Unix */ = {
			isa = PBXGroup;
			children = (
				F42D0DB41A6D0B5600FF8421 /* conditionvar.c */,
				F42D0DB51A6D0B5600FF8421 /* file.c */,
				F42D0DB61A6D0B5600FF8421 /* mutex.c */,
				F42D0DB71A6D0B5600FF8421 /* thread.c */,
				F42D0DB81A6D0B5600FF8421 /* uart_unix.c */,
				F42D0DB91A6D0B5600FF8421 /* wait.c */,
			);
			name = Unix;
			sourceTree = "<group>";
		};
		F42D0DC01A6D0BD300FF8421 /* Include-Babcode */ = {
			isa = PBXGroup;
			children = (
				F42D0DC11A6D0BE500FF8421 /* array.h */,
				F42D0DC21A6D0BE500FF8421 /* babcode.h */,
				F42D0DC31A6D0BE500FF8421 /* bytestream.h */,
				F42D0DC41A6D0BE500FF8421 /* conditionvar.h */,
				F42D0DC51A6D0BE500FF8421 /* conversion.h */,
				F42D0DC61A6D0BE500FF8421 /* file.h */,
				F42D0DC71A6D0BE500FF8421 /* hashtable.h */,
				F42D0DC81A6D0BE500FF8421 /* list.h */,
				F42D0DC91A6D0BE500FF8421 /* log-basic.h */,
				F42D0DCA1A6D0BE500FF8421 /* mutex.h */,
				F42D0DCB1A6D0BE500FF8421 /* networkstack.h */,
				F42D0DCC1A6D0BE500FF8421 /* random.h */,
				F42D0DCD1A6D0BE500FF8421 /* str.h */,
				F42D0DCE1A6D0BE500FF8421 /* thread.h */,
				F42D0DCF1A6D0BE500FF8421 /* timer.h */,
				F42D0DD01A6D0BE500FF8421 /* types.h */,
				F42D0DD11A6D0BE500FF8421 /* uart.h */,
				F42D0DD21A6D0BE500FF8421 /* utils.h */,
				F42D0DD31A6D0BE500FF8421 /* wait.h */,
			);
			name = "Include-Babcode";
			sourceTree = "<group>";
		};
/* End PBXGroup section */

/* Begin PBXHeadersBuildPhase section */
		F42D0D761A6D09B000FF8421 /* Headers */ = {
			isa = PBXHeadersBuildPhase;
			buildActionMask = 2147483647;
			files = (
				F42D0DE01A6D0BE500FF8421 /* str.h in Headers */,
				F42D0DD71A6D0BE500FF8421 /* conditionvar.h in Headers */,
				F42D0DE31A6D0BE500FF8421 /* types.h in Headers */,
				F42D0DD51A6D0BE500FF8421 /* babcode.h in Headers */,
				F42D0DD81A6D0BE500FF8421 /* conversion.h in Headers */,
				F42D0DE61A6D0BE500FF8421 /* wait.h in Headers */,
				F42D0DD41A6D0BE500FF8421 /* array.h in Headers */,
				F42D0DDE1A6D0BE500FF8421 /* networkstack.h in Headers */,
				F42D0DDD1A6D0BE500FF8421 /* mutex.h in Headers */,
				F42D0DDB1A6D0BE500FF8421 /* list.h in Headers */,
				F42D0DD61A6D0BE500FF8421 /* bytestream.h in Headers */,
				F42D0DE51A6D0BE500FF8421 /* utils.h in Headers */,
				F4B27C511AC17AAF00F4AD27 /* cJSON.h in Headers */,
				F42D0DDF1A6D0BE500FF8421 /* random.h in Headers */,
				F42D0DDA1A6D0BE500FF8421 /* hashtable.h in Headers */,
				F42D0DDC1A6D0BE500FF8421 /* log-basic.h in Headers */,
				F42D0DE11A6D0BE500FF8421 /* thread.h in Headers */,
				F42D0DE41A6D0BE500FF8421 /* uart.h in Headers */,
				F42D0DD91A6D0BE500FF8421 /* file.h in Headers */,
				F42D0DE21A6D0BE500FF8421 /* timer.h in Headers */,
				F42D0DA21A6D0B0A00FF8421 /* networkstack-private.h in Headers */,
			);
			runOnlyForDeploymentPostprocessing = 0;
		};
		F42D0E0A1A6D0DC600FF8421 /* Headers */ = {
			isa = PBXHeadersBuildPhase;
			buildActionMask = 2147483647;
			files = (
				F42D0E0B1A6D0DC600FF8421 /* str.h in Headers */,
				F42D0E0C1A6D0DC600FF8421 /* conditionvar.h in Headers */,
				F42D0E0D1A6D0DC600FF8421 /* types.h in Headers */,
				F42D0E0E1A6D0DC600FF8421 /* babcode.h in Headers */,
				F42D0E0F1A6D0DC600FF8421 /* conversion.h in Headers */,
				F42D0E101A6D0DC600FF8421 /* wait.h in Headers */,
				F42D0E111A6D0DC600FF8421 /* array.h in Headers */,
				F42D0E121A6D0DC600FF8421 /* networkstack.h in Headers */,
				F42D0E131A6D0DC600FF8421 /* mutex.h in Headers */,
				F42D0E141A6D0DC600FF8421 /* list.h in Headers */,
				F42D0E151A6D0DC600FF8421 /* bytestream.h in Headers */,
				F42D0E161A6D0DC600FF8421 /* utils.h in Headers */,
				F42D0E171A6D0DC600FF8421 /* random.h in Headers */,
				F42D0E181A6D0DC600FF8421 /* hashtable.h in Headers */,
				F42D0E191A6D0DC600FF8421 /* log-basic.h in Headers */,
				F42D0E1A1A6D0DC600FF8421 /* thread.h in Headers */,
				F42D0E1B1A6D0DC600FF8421 /* uart.h in Headers */,
				F42D0E1C1A6D0DC600FF8421 /* file.h in Headers */,
				F42D0E1D1A6D0DC600FF8421 /* timer.h in Headers */,
				F42D0E1E1A6D0DC600FF8421 /* networkstack-private.h in Headers */,
			);
			runOnlyForDeploymentPostprocessing = 0;
		};
/* End PBXHeadersBuildPhase section */

/* Begin PBXNativeTarget section */
		F42D0D771A6D09B000FF8421 /* babextendedd */ = {
			isa = PBXNativeTarget;
			buildConfigurationList = F42D0D7C1A6D09B000FF8421 /* Build configuration list for PBXNativeTarget "babextendedd" */;
			buildPhases = (
				F42D0D741A6D09B000FF8421 /* Sources */,
				F42D0D751A6D09B000FF8421 /* Frameworks */,
				F42D0D761A6D09B000FF8421 /* Headers */,
			);
			buildRules = (
			);
			dependencies = (
			);
			name = babextendedd;
			productName = babextended;
			productReference = F42D0D781A6D09B000FF8421 /* libbabextendedd.a */;
			productType = "com.apple.product-type.library.static";
		};
		F42D0DEB1A6D0DC600FF8421 /* babextended */ = {
			isa = PBXNativeTarget;
			buildConfigurationList = F42D0E1F1A6D0DC600FF8421 /* Build configuration list for PBXNativeTarget "babextended" */;
			buildPhases = (
				F42D0DEC1A6D0DC600FF8421 /* Sources */,
				F42D0E091A6D0DC600FF8421 /* Frameworks */,
				F42D0E0A1A6D0DC600FF8421 /* Headers */,
			);
			buildRules = (
			);
			dependencies = (
			);
			name = babextended;
			productName = babextended;
			productReference = F42D0E221A6D0DC600FF8421 /* libbabextended.a */;
			productType = "com.apple.product-type.library.static";
		};
/* End PBXNativeTarget section */

/* Begin PBXProject section */
		F42D0D701A6D09B000FF8421 /* Project object */ = {
			isa = PBXProject;
			attributes = {
				LastUpgradeCheck = 0620;
				ORGANIZATIONNAME = Evotion;
				TargetAttributes = {
					F42D0D771A6D09B000FF8421 = {
						CreatedOnToolsVersion = 6.1.1;
					};
				};
			};
			buildConfigurationList = F42D0D731A6D09B000FF8421 /* Build configuration list for PBXProject "babextended" */;
			compatibilityVersion = "Xcode 3.2";
			developmentRegion = English;
			hasScannedForEncodings = 0;
			knownRegions = (
				en,
			);
			mainGroup = F42D0D6F1A6D09B000FF8421;
			productRefGroup = F42D0D791A6D09B000FF8421 /* Products */;
			projectDirPath = "";
			projectRoot = "";
			targets = (
				F42D0D771A6D09B000FF8421 /* babextendedd */,
				F42D0DEB1A6D0DC600FF8421 /* babextended */,
			);
		};
/* End PBXProject section */

/* Begin PBXSourcesBuildPhase section */
		F42D0D741A6D09B000FF8421 /* Sources */ = {
			isa = PBXSourcesBuildPhase;
			buildActionMask = 2147483647;
			files = (
				F42D0DB21A6D0B3800FF8421 /* utils_osx.c in Sources */,
				F4B27C531AC17AC200F4AD27 /* cJSON.c in Sources */,
				F42D0DA71A6D0B0A00FF8421 /* str.c in Sources */,
				F42D0DA01A6D0B0A00FF8421 /* log-basic.c in Sources */,
				F42D0DBC1A6D0B5600FF8421 /* mutex.c in Sources */,
				F42D0DA41A6D0B0A00FF8421 /* networkstack-udp.c in Sources */,
				F42D0DAA1A6D0B0A00FF8421 /* utils.c in Sources */,
				F42D0DA31A6D0B0A00FF8421 /* networkstack-tcp.c in Sources */,
				F42D0DBB1A6D0B5600FF8421 /* file.c in Sources */,
				F42D0D9D1A6D0B0A00FF8421 /* crc.c in Sources */,
				F402C6F41A6FBAC7002F6DE4 /* udpconnection.cpp in Sources */,
				F42D0DA11A6D0B0A00FF8421 /* networkstack-options.c in Sources */,
				F42D0DA81A6D0B0A00FF8421 /* time.c in Sources */,
				F42D0DB01A6D0B3800FF8421 /* networkstack_osx.c in Sources */,
				F42D0DBF1A6D0B5600FF8421 /* wait.c in Sources */,
				F42D0DA91A6D0B0A00FF8421 /* timer.c in Sources */,
				F42D0DE91A6D0C5200FF8421 /* fsm.cpp in Sources */,
				F42D0D9A1A6D0B0A00FF8421 /* array.c in Sources */,
				F42D0D9E1A6D0B0A00FF8421 /* hashtable.c in Sources */,
				F42D0D9F1A6D0B0A00FF8421 /* list.c in Sources */,
				F42D0D9C1A6D0B0A00FF8421 /* conversion.c in Sources */,
				F42D0DBD1A6D0B5600FF8421 /* thread.c in Sources */,
				F454B7BE1AAF5B4200D36A0A /* callback.cpp in Sources */,
				F42D0DA61A6D0B0A00FF8421 /* randomLfsr.c in Sources */,
				F42B03C01A7E2E0C00B788F1 /* circularbuffer.cpp in Sources */,
				F42D0DB11A6D0B3800FF8421 /* uart.c in Sources */,
				F42D0D9B1A6D0B0A00FF8421 /* bytestream.c in Sources */,
				F42D0DBE1A6D0B5600FF8421 /* uart_unix.c in Sources */,
				F4288AF51A8E0628003B12AE /* log.cpp in Sources */,
				F42D0DA51A6D0B0A00FF8421 /* random.c in Sources */,
				F42D0D841A6D0A4500FF8421 /* bytearrayqueue.cpp in Sources */,
				F42B03C61A7F760600B788F1 /* Makefile in Sources */,
				F42D0D871A6D0AB700FF8421 /* synchronizer.cpp in Sources */,
				F42D0DBA1A6D0B5600FF8421 /* conditionvar.c in Sources */,
			);
			runOnlyForDeploymentPostprocessing = 0;
		};
		F42D0DEC1A6D0DC600FF8421 /* Sources */ = {
			isa = PBXSourcesBuildPhase;
			buildActionMask = 2147483647;
			files = (
				F4B27C561AC2D24B00F4AD27 /* cJSON.c in Sources */,
				F4B27C571AC2D24B00F4AD27 /* callback.cpp in Sources */,
				F4288AF61A8E0A69003B12AE /* log.cpp in Sources */,
				F42B03C11A7E2F9D00B788F1 /* circularbuffer.cpp in Sources */,
				F402C6F51A6FBD81002F6DE4 /* udpconnection.cpp in Sources */,
				F42D0DED1A6D0DC600FF8421 /* utils_osx.c in Sources */,
				F42D0DEE1A6D0DC600FF8421 /* str.c in Sources */,
				F42D0DEF1A6D0DC600FF8421 /* log-basic.c in Sources */,
				F42D0DF01A6D0DC600FF8421 /* mutex.c in Sources */,
				F42D0DF11A6D0DC600FF8421 /* networkstack-udp.c in Sources */,
				F42D0DF21A6D0DC600FF8421 /* utils.c in Sources */,
				F42D0DF31A6D0DC600FF8421 /* networkstack-tcp.c in Sources */,
				F42D0DF41A6D0DC600FF8421 /* file.c in Sources */,
				F42D0DF51A6D0DC600FF8421 /* crc.c in Sources */,
				F42D0DF61A6D0DC600FF8421 /* networkstack-options.c in Sources */,
				F42D0DF71A6D0DC600FF8421 /* time.c in Sources */,
				F42D0DF81A6D0DC600FF8421 /* networkstack_osx.c in Sources */,
				F42D0DF91A6D0DC600FF8421 /* wait.c in Sources */,
				F42D0DFA1A6D0DC600FF8421 /* timer.c in Sources */,
				F42D0DFB1A6D0DC600FF8421 /* fsm.cpp in Sources */,
				F42D0DFC1A6D0DC600FF8421 /* array.c in Sources */,
				F42D0DFD1A6D0DC600FF8421 /* hashtable.c in Sources */,
				F42D0DFE1A6D0DC600FF8421 /* list.c in Sources */,
				F42D0DFF1A6D0DC600FF8421 /* conversion.c in Sources */,
				F42D0E001A6D0DC600FF8421 /* thread.c in Sources */,
				F42D0E011A6D0DC600FF8421 /* randomLfsr.c in Sources */,
				F42D0E021A6D0DC600FF8421 /* uart.c in Sources */,
				F42D0E031A6D0DC600FF8421 /* bytestream.c in Sources */,
				F42D0E041A6D0DC600FF8421 /* uart_unix.c in Sources */,
				F42D0E051A6D0DC600FF8421 /* random.c in Sources */,
				F42D0E061A6D0DC600FF8421 /* bytearrayqueue.cpp in Sources */,
				F42D0E071A6D0DC600FF8421 /* synchronizer.cpp in Sources */,
				F42D0E081A6D0DC600FF8421 /* conditionvar.c in Sources */,
			);
			runOnlyForDeploymentPostprocessing = 0;
		};
/* End PBXSourcesBuildPhase section */

/* Begin XCBuildConfiguration section */
		F42D0D7A1A6D09B000FF8421 /* Debug */ = {
			isa = XCBuildConfiguration;
			buildSettings = {
				ALWAYS_SEARCH_USER_PATHS = NO;
				CLANG_CXX_LANGUAGE_STANDARD = "gnu++0x";
				CLANG_CXX_LIBRARY = "libc++";
				CLANG_ENABLE_MODULES = YES;
				CLANG_ENABLE_OBJC_ARC = YES;
				CLANG_WARN_BOOL_CONVERSION = YES;
				CLANG_WARN_CONSTANT_CONVERSION = YES;
				CLANG_WARN_DIRECT_OBJC_ISA_USAGE = YES_ERROR;
				CLANG_WARN_EMPTY_BODY = YES;
				CLANG_WARN_ENUM_CONVERSION = YES;
				CLANG_WARN_INT_CONVERSION = YES;
				CLANG_WARN_OBJC_ROOT_CLASS = YES_ERROR;
				CLANG_WARN_UNREACHABLE_CODE = YES;
				CLANG_WARN__DUPLICATE_METHOD_MATCH = YES;
				COPY_PHASE_STRIP = NO;
				ENABLE_STRICT_OBJC_MSGSEND = YES;
				GCC_C_LANGUAGE_STANDARD = gnu99;
				GCC_DYNAMIC_NO_PIC = NO;
				GCC_OPTIMIZATION_LEVEL = 0;
				GCC_PREPROCESSOR_DEFINITIONS = (
					"DEBUG=1",
					"$(inherited)",
				);
				GCC_SYMBOLS_PRIVATE_EXTERN = NO;
				GCC_WARN_64_TO_32_BIT_CONVERSION = YES;
				GCC_WARN_ABOUT_RETURN_TYPE = YES_ERROR;
				GCC_WARN_UNDECLARED_SELECTOR = YES;
				GCC_WARN_UNINITIALIZED_AUTOS = YES_AGGRESSIVE;
				GCC_WARN_UNUSED_FUNCTION = YES;
				GCC_WARN_UNUSED_VARIABLE = YES;
				MACOSX_DEPLOYMENT_TARGET = 10.10;
				MTL_ENABLE_DEBUG_INFO = YES;
				ONLY_ACTIVE_ARCH = YES;
				SDKROOT = macosx;
			};
			name = Debug;
		};
		F42D0D7B1A6D09B000FF8421 /* Release */ = {
			isa = XCBuildConfiguration;
			buildSettings = {
				ALWAYS_SEARCH_USER_PATHS = NO;
				CLANG_CXX_LANGUAGE_STANDARD = "gnu++0x";
				CLANG_CXX_LIBRARY = "libc++";
				CLANG_ENABLE_MODULES = YES;
				CLANG_ENABLE_OBJC_ARC = YES;
				CLANG_WARN_BOOL_CONVERSION = YES;
				CLANG_WARN_CONSTANT_CONVERSION = YES;
				CLANG_WARN_DIRECT_OBJC_ISA_USAGE = YES_ERROR;
				CLANG_WARN_EMPTY_BODY = YES;
				CLANG_WARN_ENUM_CONVERSION = YES;
				CLANG_WARN_INT_CONVERSION = YES;
				CLANG_WARN_OBJC_ROOT_CLASS = YES_ERROR;
				CLANG_WARN_UNREACHABLE_CODE = YES;
				CLANG_WARN__DUPLICATE_METHOD_MATCH = YES;
				COPY_PHASE_STRIP = YES;
				DEBUG_INFORMATION_FORMAT = "dwarf-with-dsym";
				ENABLE_NS_ASSERTIONS = NO;
				ENABLE_STRICT_OBJC_MSGSEND = YES;
				GCC_C_LANGUAGE_STANDARD = gnu99;
				GCC_WARN_64_TO_32_BIT_CONVERSION = YES;
				GCC_WARN_ABOUT_RETURN_TYPE = YES_ERROR;
				GCC_WARN_UNDECLARED_SELECTOR = YES;
				GCC_WARN_UNINITIALIZED_AUTOS = YES_AGGRESSIVE;
				GCC_WARN_UNUSED_FUNCTION = YES;
				GCC_WARN_UNUSED_VARIABLE = YES;
				MACOSX_DEPLOYMENT_TARGET = 10.10;
				MTL_ENABLE_DEBUG_INFO = NO;
				SDKROOT = macosx;
			};
			name = Release;
		};
		F42D0D7D1A6D09B000FF8421 /* Debug */ = {
			isa = XCBuildConfiguration;
			buildSettings = {
				COMBINE_HIDPI_IMAGES = YES;
				EXECUTABLE_PREFIX = lib;
				PRODUCT_NAME = "$(TARGET_NAME)";
			};
			name = Debug;
		};
		F42D0D7E1A6D09B000FF8421 /* Release */ = {
			isa = XCBuildConfiguration;
			buildSettings = {
				COMBINE_HIDPI_IMAGES = YES;
				EXECUTABLE_PREFIX = lib;
				PRODUCT_NAME = "$(TARGET_NAME)";
			};
			name = Release;
		};
		F42D0E201A6D0DC600FF8421 /* Debug */ = {
			isa = XCBuildConfiguration;
			buildSettings = {
				COMBINE_HIDPI_IMAGES = YES;
				EXECUTABLE_PREFIX = lib;
				PRODUCT_NAME = babextended;
			};
			name = Debug;
		};
		F42D0E211A6D0DC600FF8421 /* Release */ = {
			isa = XCBuildConfiguration;
			buildSettings = {
				COMBINE_HIDPI_IMAGES = YES;
				EXECUTABLE_PREFIX = lib;
				PRODUCT_NAME = babextended;
			};
			name = Release;
		};
/* End XCBuildConfiguration section */

/* Begin XCConfigurationList section */
		F42D0D731A6D09B000FF8421 /* Build configuration list for PBXProject "babextended" */ = {
			isa = XCConfigurationList;
			buildConfigurations = (
				F42D0D7A1A6D09B000FF8421 /* Debug */,
				F42D0D7B1A6D09B000FF8421 /* Release */,
			);
			defaultConfigurationIsVisible = 0;
			defaultConfigurationName = Release;
		};
		F42D0D7C1A6D09B000FF8421 /* Build configuration list for PBXNativeTarget "babextendedd" */ = {
			isa = XCConfigurationList;
			buildConfigurations = (
				F42D0D7D1A6D09B000FF8421 /* Debug */,
				F42D0D7E1A6D09B000FF8421 /* Release */,
			);
			defaultConfigurationIsVisible = 0;
			defaultConfigurationName = Release;
		};
		F42D0E1F1A6D0DC600FF8421 /* Build configuration list for PBXNativeTarget "babextended" */ = {
			isa = XCConfigurationList;
			buildConfigurations = (
				F42D0E201A6D0DC600FF8421 /* Debug */,
				F42D0E211A6D0DC600FF8421 /* Release */,
			);
			defaultConfigurationIsVisible = 0;
			defaultConfigurationName = Release;
		};
/* End XCConfigurationList section */
	};
	rootObject = F42D0D701A6D09B000FF8421 /* Project object */;
}
