// !$*UTF8*$!
{
	archiveVersion = 1;
	classes = {
	};
	objectVersion = 46;
	objects = {

/* Begin PBXBuildFile section */
		F485A665171407BE00D316B9 /* babcode.h in Headers */ = {isa = PBXBuildFile; fileRef = F485A65B171407BE00D316B9 /* babcode.h */; };
		F485A666171407BE00D316B9 /* conversion.h in Headers */ = {isa = PBXBuildFile; fileRef = F485A65C171407BE00D316B9 /* conversion.h */; };
		F485A667171407BE00D316B9 /* file.h in Headers */ = {isa = PBXBuildFile; fileRef = F485A65D171407BE00D316B9 /* file.h */; };
		F485A668171407BE00D316B9 /* log.h in Headers */ = {isa = PBXBuildFile; fileRef = F485A65E171407BE00D316B9 /* log.h */; };
		F485A669171407BE00D316B9 /* random.h in Headers */ = {isa = PBXBuildFile; fileRef = F485A65F171407BE00D316B9 /* random.h */; };
		F485A66A171407BE00D316B9 /* thread.h in Headers */ = {isa = PBXBuildFile; fileRef = F485A660171407BE00D316B9 /* thread.h */; };
		F485A66B171407BE00D316B9 /* types.h in Headers */ = {isa = PBXBuildFile; fileRef = F485A661171407BE00D316B9 /* types.h */; };
		F485A66C171407BE00D316B9 /* uart.h in Headers */ = {isa = PBXBuildFile; fileRef = F485A662171407BE00D316B9 /* uart.h */; };
		F485A66D171407BE00D316B9 /* utils.h in Headers */ = {isa = PBXBuildFile; fileRef = F485A663171407BE00D316B9 /* utils.h */; };
		F485A66E171407BE00D316B9 /* wait.h in Headers */ = {isa = PBXBuildFile; fileRef = F485A664171407BE00D316B9 /* wait.h */; };
		F485A673171407D900D316B9 /* uart.c in Sources */ = {isa = PBXBuildFile; fileRef = F485A671171407D900D316B9 /* uart.c */; };
		F485A674171407D900D316B9 /* utils_osx.c in Sources */ = {isa = PBXBuildFile; fileRef = F485A672171407D900D316B9 /* utils_osx.c */; };
		F485A678171407E600D316B9 /* file.c in Sources */ = {isa = PBXBuildFile; fileRef = F485A675171407E600D316B9 /* file.c */; };
		F485A679171407E600D316B9 /* thread.c in Sources */ = {isa = PBXBuildFile; fileRef = F485A676171407E600D316B9 /* thread.c */; };
		F485A67A171407E600D316B9 /* wait.c in Sources */ = {isa = PBXBuildFile; fileRef = F485A677171407E600D316B9 /* wait.c */; };
		F485A680171407F300D316B9 /* conversion.c in Sources */ = {isa = PBXBuildFile; fileRef = F485A67B171407F300D316B9 /* conversion.c */; };
		F485A681171407F300D316B9 /* log.c in Sources */ = {isa = PBXBuildFile; fileRef = F485A67C171407F300D316B9 /* log.c */; };
		F485A682171407F300D316B9 /* random.c in Sources */ = {isa = PBXBuildFile; fileRef = F485A67D171407F300D316B9 /* random.c */; };
		F485A683171407F300D316B9 /* time.c in Sources */ = {isa = PBXBuildFile; fileRef = F485A67E171407F300D316B9 /* time.c */; };
		F485A684171407F300D316B9 /* utils.c in Sources */ = {isa = PBXBuildFile; fileRef = F485A67F171407F300D316B9 /* utils.c */; };
		F485A68F17140E5A00D316B9 /* mutex.c in Sources */ = {isa = PBXBuildFile; fileRef = F485A68E17140E5A00D316B9 /* mutex.c */; };
		F485A6931714164000D316B9 /* networkstack.h in Headers */ = {isa = PBXBuildFile; fileRef = F485A6921714164000D316B9 /* networkstack.h */; };
		F485A6951714164C00D316B9 /* networkstack-udp.c in Sources */ = {isa = PBXBuildFile; fileRef = F485A6941714164C00D316B9 /* networkstack-udp.c */; };
		F485A69817141CBD00D316B9 /* networkstack-tcp.c in Sources */ = {isa = PBXBuildFile; fileRef = F485A69717141CBD00D316B9 /* networkstack-tcp.c */; };
		F485A69A17143FC500D316B9 /* networkstack-options.c in Sources */ = {isa = PBXBuildFile; fileRef = F485A69917143FC500D316B9 /* networkstack-options.c */; };
		F485A6A1171560E000D316B9 /* conditionvar.c in Sources */ = {isa = PBXBuildFile; fileRef = F485A6A0171560E000D316B9 /* conditionvar.c */; };
		F485A6A61715A6F600D316B9 /* uart_unix.c in Sources */ = {isa = PBXBuildFile; fileRef = F485A6A51715A6F600D316B9 /* uart_unix.c */; };
		F485A6A91715ADAC00D316B9 /* networkstack_osx.c in Sources */ = {isa = PBXBuildFile; fileRef = F485A6A81715ADAC00D316B9 /* networkstack_osx.c */; };
		F485A6AE17182AED00D316B9 /* hashtable.h in Headers */ = {isa = PBXBuildFile; fileRef = F485A6AD17182AED00D316B9 /* hashtable.h */; };
		F485A6B017182AF600D316B9 /* hashtable.c in Sources */ = {isa = PBXBuildFile; fileRef = F485A6AF17182AF600D316B9 /* hashtable.c */; };
/* End PBXBuildFile section */

/* Begin PBXFileReference section */
		F485A6521714078C00D316B9 /* libbabcode-macosx.a */ = {isa = PBXFileReference; explicitFileType = archive.ar; includeInIndex = 0; path = "libbabcode-macosx.a"; sourceTree = BUILT_PRODUCTS_DIR; };
		F485A65B171407BE00D316B9 /* babcode.h */ = {isa = PBXFileReference; fileEncoding = 4; lastKnownFileType = sourcecode.c.h; name = babcode.h; path = ../../include/babcode.h; sourceTree = "<group>"; };
		F485A65C171407BE00D316B9 /* conversion.h */ = {isa = PBXFileReference; fileEncoding = 4; lastKnownFileType = sourcecode.c.h; name = conversion.h; path = ../../include/conversion.h; sourceTree = "<group>"; };
		F485A65D171407BE00D316B9 /* file.h */ = {isa = PBXFileReference; fileEncoding = 4; lastKnownFileType = sourcecode.c.h; name = file.h; path = ../../include/file.h; sourceTree = "<group>"; };
		F485A65E171407BE00D316B9 /* log.h */ = {isa = PBXFileReference; fileEncoding = 4; lastKnownFileType = sourcecode.c.h; name = log.h; path = ../../include/log.h; sourceTree = "<group>"; };
		F485A65F171407BE00D316B9 /* random.h */ = {isa = PBXFileReference; fileEncoding = 4; lastKnownFileType = sourcecode.c.h; name = random.h; path = ../../include/random.h; sourceTree = "<group>"; };
		F485A660171407BE00D316B9 /* thread.h */ = {isa = PBXFileReference; fileEncoding = 4; lastKnownFileType = sourcecode.c.h; name = thread.h; path = ../../include/thread.h; sourceTree = "<group>"; };
		F485A661171407BE00D316B9 /* types.h */ = {isa = PBXFileReference; fileEncoding = 4; lastKnownFileType = sourcecode.c.h; name = types.h; path = ../../include/types.h; sourceTree = "<group>"; };
		F485A662171407BE00D316B9 /* uart.h */ = {isa = PBXFileReference; fileEncoding = 4; lastKnownFileType = sourcecode.c.h; name = uart.h; path = ../../include/uart.h; sourceTree = "<group>"; };
		F485A663171407BE00D316B9 /* utils.h */ = {isa = PBXFileReference; fileEncoding = 4; lastKnownFileType = sourcecode.c.h; name = utils.h; path = ../../include/utils.h; sourceTree = "<group>"; };
		F485A664171407BE00D316B9 /* wait.h */ = {isa = PBXFileReference; fileEncoding = 4; lastKnownFileType = sourcecode.c.h; name = wait.h; path = ../../include/wait.h; sourceTree = "<group>"; };
		F485A671171407D900D316B9 /* uart.c */ = {isa = PBXFileReference; fileEncoding = 4; lastKnownFileType = sourcecode.c.c; name = uart.c; path = ../../platform/macosx/uart.c; sourceTree = "<group>"; };
		F485A672171407D900D316B9 /* utils_osx.c */ = {isa = PBXFileReference; fileEncoding = 4; lastKnownFileType = sourcecode.c.c; name = utils_osx.c; path = ../../platform/macosx/utils_osx.c; sourceTree = "<group>"; };
		F485A675171407E600D316B9 /* file.c */ = {isa = PBXFileReference; fileEncoding = 4; lastKnownFileType = sourcecode.c.c; name = file.c; path = ../../platform/unix/file.c; sourceTree = "<group>"; };
		F485A676171407E600D316B9 /* thread.c */ = {isa = PBXFileReference; fileEncoding = 4; lastKnownFileType = sourcecode.c.c; name = thread.c; path = ../../platform/unix/thread.c; sourceTree = "<group>"; };
		F485A677171407E600D316B9 /* wait.c */ = {isa = PBXFileReference; fileEncoding = 4; lastKnownFileType = sourcecode.c.c; name = wait.c; path = ../../platform/unix/wait.c; sourceTree = "<group>"; };
		F485A67B171407F300D316B9 /* conversion.c */ = {isa = PBXFileReference; fileEncoding = 4; lastKnownFileType = sourcecode.c.c; name = conversion.c; path = ../../source/conversion.c; sourceTree = "<group>"; };
		F485A67C171407F300D316B9 /* log.c */ = {isa = PBXFileReference; fileEncoding = 4; lastKnownFileType = sourcecode.c.c; name = log.c; path = ../../source/log.c; sourceTree = "<group>"; };
		F485A67D171407F300D316B9 /* random.c */ = {isa = PBXFileReference; fileEncoding = 4; lastKnownFileType = sourcecode.c.c; name = random.c; path = ../../source/random.c; sourceTree = "<group>"; };
		F485A67E171407F300D316B9 /* time.c */ = {isa = PBXFileReference; fileEncoding = 4; lastKnownFileType = sourcecode.c.c; name = time.c; path = ../../source/time.c; sourceTree = "<group>"; };
		F485A67F171407F300D316B9 /* utils.c */ = {isa = PBXFileReference; fileEncoding = 4; lastKnownFileType = sourcecode.c.c; name = utils.c; path = ../../source/utils.c; sourceTree = "<group>"; };
		F485A68D17140D2C00D316B9 /* mutex.h */ = {isa = PBXFileReference; lastKnownFileType = sourcecode.c.h; name = mutex.h; path = ../../include/mutex.h; sourceTree = "<group>"; };
		F485A68E17140E5A00D316B9 /* mutex.c */ = {isa = PBXFileReference; fileEncoding = 4; lastKnownFileType = sourcecode.c.c; name = mutex.c; path = ../../platform/unix/mutex.c; sourceTree = "<group>"; };
		F485A6921714164000D316B9 /* networkstack.h */ = {isa = PBXFileReference; fileEncoding = 4; lastKnownFileType = sourcecode.c.h; name = networkstack.h; path = ../../include/networkstack.h; sourceTree = "<group>"; };
		F485A6941714164C00D316B9 /* networkstack-udp.c */ = {isa = PBXFileReference; fileEncoding = 4; lastKnownFileType = sourcecode.c.c; name = "networkstack-udp.c"; path = "../../source/networkstack-udp.c"; sourceTree = "<group>"; };
		F485A69717141CBD00D316B9 /* networkstack-tcp.c */ = {isa = PBXFileReference; fileEncoding = 4; lastKnownFileType = sourcecode.c.c; name = "networkstack-tcp.c"; path = "../../source/networkstack-tcp.c"; sourceTree = "<group>"; };
		F485A69917143FC500D316B9 /* networkstack-options.c */ = {isa = PBXFileReference; fileEncoding = 4; lastKnownFileType = sourcecode.c.c; name = "networkstack-options.c"; path = "../../source/networkstack-options.c"; sourceTree = "<group>"; };
		F485A69B171440AA00D316B9 /* networkstack-private.h */ = {isa = PBXFileReference; lastKnownFileType = sourcecode.c.h; name = "networkstack-private.h"; path = "../../source/networkstack-private.h"; sourceTree = "<group>"; };
		F485A6A0171560E000D316B9 /* conditionvar.c */ = {isa = PBXFileReference; fileEncoding = 4; lastKnownFileType = sourcecode.c.c; name = conditionvar.c; path = ../../platform/unix/conditionvar.c; sourceTree = "<group>"; };
		F485A6A2171560FE00D316B9 /* conditionvar.h */ = {isa = PBXFileReference; lastKnownFileType = sourcecode.c.h; name = conditionvar.h; path = ../../include/conditionvar.h; sourceTree = "<group>"; };
		F485A6A51715A6F600D316B9 /* uart_unix.c */ = {isa = PBXFileReference; fileEncoding = 4; lastKnownFileType = sourcecode.c.c; name = uart_unix.c; path = ../../platform/unix/uart_unix.c; sourceTree = "<group>"; };
		F485A6A81715ADAC00D316B9 /* networkstack_osx.c */ = {isa = PBXFileReference; fileEncoding = 4; lastKnownFileType = sourcecode.c.c; name = networkstack_osx.c; path = ../../platform/macosx/networkstack_osx.c; sourceTree = "<group>"; };
		F485A6AD17182AED00D316B9 /* hashtable.h */ = {isa = PBXFileReference; fileEncoding = 4; lastKnownFileType = sourcecode.c.h; name = hashtable.h; path = ../../include/hashtable.h; sourceTree = "<group>"; };
		F485A6AF17182AF600D316B9 /* hashtable.c */ = {isa = PBXFileReference; fileEncoding = 4; lastKnownFileType = sourcecode.c.c; name = hashtable.c; path = ../../source/hashtable.c; sourceTree = "<group>"; };
/* End PBXFileReference section */

/* Begin PBXFrameworksBuildPhase section */
		F485A64F1714078C00D316B9 /* Frameworks */ = {
			isa = PBXFrameworksBuildPhase;
			buildActionMask = 2147483647;
			files = (
			);
			runOnlyForDeploymentPostprocessing = 0;
		};
/* End PBXFrameworksBuildPhase section */

/* Begin PBXGroup section */
		F485A6491714078C00D316B9 = {
			isa = PBXGroup;
			children = (
				F485A65A171407AF00D316B9 /* Include */,
				F485A659171407A800D316B9 /* Source */,
				F485A6531714078C00D316B9 /* Products */,
			);
			sourceTree = "<group>";
		};
		F485A6531714078C00D316B9 /* Products */ = {
			isa = PBXGroup;
			children = (
				F485A6521714078C00D316B9 /* libbabcode-macosx.a */,
			);
			name = Products;
			sourceTree = "<group>";
		};
		F485A659171407A800D316B9 /* Source */ = {
			isa = PBXGroup;
			children = (
				F485A6AF17182AF600D316B9 /* hashtable.c */,
				F485A69B171440AA00D316B9 /* networkstack-private.h */,
				F485A69917143FC500D316B9 /* networkstack-options.c */,
				F485A6941714164C00D316B9 /* networkstack-udp.c */,
				F485A69717141CBD00D316B9 /* networkstack-tcp.c */,
				F485A67B171407F300D316B9 /* conversion.c */,
				F485A67C171407F300D316B9 /* log.c */,
				F485A67D171407F300D316B9 /* random.c */,
				F485A67E171407F300D316B9 /* time.c */,
				F485A67F171407F300D316B9 /* utils.c */,
				F485A670171407CB00D316B9 /* MacOSX */,
				F485A66F171407C200D316B9 /* Unix */,
			);
			name = Source;
			sourceTree = "<group>";
		};
		F485A65A171407AF00D316B9 /* Include */ = {
			isa = PBXGroup;
			children = (
				F485A65B171407BE00D316B9 /* babcode.h */,
				F485A6A2171560FE00D316B9 /* conditionvar.h */,
				F485A65C171407BE00D316B9 /* conversion.h */,
				F485A65D171407BE00D316B9 /* file.h */,
				F485A6AD17182AED00D316B9 /* hashtable.h */,
				F485A65E171407BE00D316B9 /* log.h */,
				F485A68D17140D2C00D316B9 /* mutex.h */,
				F485A6921714164000D316B9 /* networkstack.h */,
				F485A65F171407BE00D316B9 /* random.h */,
				F485A660171407BE00D316B9 /* thread.h */,
				F485A661171407BE00D316B9 /* types.h */,
				F485A662171407BE00D316B9 /* uart.h */,
				F485A663171407BE00D316B9 /* utils.h */,
				F485A664171407BE00D316B9 /* wait.h */,
			);
			name = Include;
			sourceTree = "<group>";
		};
		F485A66F171407C200D316B9 /* Unix */ = {
			isa = PBXGroup;
			children = (
				F485A675171407E600D316B9 /* file.c */,
				F485A676171407E600D316B9 /* thread.c */,
				F485A677171407E600D316B9 /* wait.c */,
				F485A68E17140E5A00D316B9 /* mutex.c */,
				F485A6A0171560E000D316B9 /* conditionvar.c */,
				F485A6A51715A6F600D316B9 /* uart_unix.c */,
			);
			name = Unix;
			sourceTree = "<group>";
		};
		F485A670171407CB00D316B9 /* MacOSX */ = {
			isa = PBXGroup;
			children = (
				F485A6A81715ADAC00D316B9 /* networkstack_osx.c */,
				F485A671171407D900D316B9 /* uart.c */,
				F485A672171407D900D316B9 /* utils_osx.c */,
			);
			name = MacOSX;
			sourceTree = "<group>";
		};
/* End PBXGroup section */

/* Begin PBXHeadersBuildPhase section */
		F485A6501714078C00D316B9 /* Headers */ = {
			isa = PBXHeadersBuildPhase;
			buildActionMask = 2147483647;
			files = (
				F485A665171407BE00D316B9 /* babcode.h in Headers */,
				F485A666171407BE00D316B9 /* conversion.h in Headers */,
				F485A667171407BE00D316B9 /* file.h in Headers */,
				F485A668171407BE00D316B9 /* log.h in Headers */,
				F485A669171407BE00D316B9 /* random.h in Headers */,
				F485A66A171407BE00D316B9 /* thread.h in Headers */,
				F485A66B171407BE00D316B9 /* types.h in Headers */,
				F485A66C171407BE00D316B9 /* uart.h in Headers */,
				F485A66D171407BE00D316B9 /* utils.h in Headers */,
				F485A66E171407BE00D316B9 /* wait.h in Headers */,
				F485A6931714164000D316B9 /* networkstack.h in Headers */,
				F485A6AE17182AED00D316B9 /* hashtable.h in Headers */,
			);
			runOnlyForDeploymentPostprocessing = 0;
		};
/* End PBXHeadersBuildPhase section */

/* Begin PBXNativeTarget section */
		F485A6511714078C00D316B9 /* babcode-macosx */ = {
			isa = PBXNativeTarget;
			buildConfigurationList = F485A6561714078C00D316B9 /* Build configuration list for PBXNativeTarget "babcode-macosx" */;
			buildPhases = (
				F485A64E1714078C00D316B9 /* Sources */,
				F485A64F1714078C00D316B9 /* Frameworks */,
				F485A6501714078C00D316B9 /* Headers */,
			);
			buildRules = (
			);
			dependencies = (
			);
			name = "babcode-macosx";
			productName = "babcode-macosx";
			productReference = F485A6521714078C00D316B9 /* libbabcode-macosx.a */;
			productType = "com.apple.product-type.library.static";
		};
/* End PBXNativeTarget section */

/* Begin PBXProject section */
		F485A64A1714078C00D316B9 /* Project object */ = {
			isa = PBXProject;
			attributes = {
				LastUpgradeCheck = 0460;
				ORGANIZATIONNAME = Baptiste;
			};
			buildConfigurationList = F485A64D1714078C00D316B9 /* Build configuration list for PBXProject "babcode-macosx" */;
			compatibilityVersion = "Xcode 3.2";
			developmentRegion = English;
			hasScannedForEncodings = 0;
			knownRegions = (
				en,
			);
			mainGroup = F485A6491714078C00D316B9;
			productRefGroup = F485A6531714078C00D316B9 /* Products */;
			projectDirPath = "";
			projectRoot = "";
			targets = (
				F485A6511714078C00D316B9 /* babcode-macosx */,
			);
		};
/* End PBXProject section */

/* Begin PBXSourcesBuildPhase section */
		F485A64E1714078C00D316B9 /* Sources */ = {
			isa = PBXSourcesBuildPhase;
			buildActionMask = 2147483647;
			files = (
				F485A673171407D900D316B9 /* uart.c in Sources */,
				F485A674171407D900D316B9 /* utils_osx.c in Sources */,
				F485A678171407E600D316B9 /* file.c in Sources */,
				F485A679171407E600D316B9 /* thread.c in Sources */,
				F485A67A171407E600D316B9 /* wait.c in Sources */,
				F485A680171407F300D316B9 /* conversion.c in Sources */,
				F485A681171407F300D316B9 /* log.c in Sources */,
				F485A682171407F300D316B9 /* random.c in Sources */,
				F485A683171407F300D316B9 /* time.c in Sources */,
				F485A684171407F300D316B9 /* utils.c in Sources */,
				F485A68F17140E5A00D316B9 /* mutex.c in Sources */,
				F485A6951714164C00D316B9 /* networkstack-udp.c in Sources */,
				F485A69817141CBD00D316B9 /* networkstack-tcp.c in Sources */,
				F485A69A17143FC500D316B9 /* networkstack-options.c in Sources */,
				F485A6A1171560E000D316B9 /* conditionvar.c in Sources */,
				F485A6A61715A6F600D316B9 /* uart_unix.c in Sources */,
				F485A6A91715ADAC00D316B9 /* networkstack_osx.c in Sources */,
				F485A6B017182AF600D316B9 /* hashtable.c in Sources */,
			);
			runOnlyForDeploymentPostprocessing = 0;
		};
/* End PBXSourcesBuildPhase section */

/* Begin XCBuildConfiguration section */
		F485A6541714078C00D316B9 /* Debug */ = {
			isa = XCBuildConfiguration;
			buildSettings = {
				ALWAYS_SEARCH_USER_PATHS = NO;
				ARCHS = "$(ARCHS_STANDARD_64_BIT)";
				CLANG_CXX_LANGUAGE_STANDARD = "gnu++0x";
				CLANG_CXX_LIBRARY = "libc++";
				CLANG_ENABLE_OBJC_ARC = YES;
				CLANG_WARN_CONSTANT_CONVERSION = YES;
				CLANG_WARN_EMPTY_BODY = YES;
				CLANG_WARN_ENUM_CONVERSION = YES;
				CLANG_WARN_INT_CONVERSION = YES;
				CLANG_WARN__DUPLICATE_METHOD_MATCH = YES;
				COPY_PHASE_STRIP = NO;
				GCC_C_LANGUAGE_STANDARD = gnu99;
				GCC_DYNAMIC_NO_PIC = NO;
				GCC_ENABLE_OBJC_EXCEPTIONS = YES;
				GCC_OPTIMIZATION_LEVEL = 0;
				GCC_PREPROCESSOR_DEFINITIONS = (
					"DEBUG=1",
					"$(inherited)",
				);
				GCC_SYMBOLS_PRIVATE_EXTERN = NO;
				GCC_WARN_64_TO_32_BIT_CONVERSION = YES;
				GCC_WARN_ABOUT_RETURN_TYPE = YES;
				GCC_WARN_UNINITIALIZED_AUTOS = YES;
				GCC_WARN_UNUSED_VARIABLE = YES;
				MACOSX_DEPLOYMENT_TARGET = 10.8;
				ONLY_ACTIVE_ARCH = YES;
				SDKROOT = macosx;
			};
			name = Debug;
		};
		F485A6551714078C00D316B9 /* Release */ = {
			isa = XCBuildConfiguration;
			buildSettings = {
				ALWAYS_SEARCH_USER_PATHS = NO;
				ARCHS = "$(ARCHS_STANDARD_64_BIT)";
				CLANG_CXX_LANGUAGE_STANDARD = "gnu++0x";
				CLANG_CXX_LIBRARY = "libc++";
				CLANG_ENABLE_OBJC_ARC = YES;
				CLANG_WARN_CONSTANT_CONVERSION = YES;
				CLANG_WARN_EMPTY_BODY = YES;
				CLANG_WARN_ENUM_CONVERSION = YES;
				CLANG_WARN_INT_CONVERSION = YES;
				CLANG_WARN__DUPLICATE_METHOD_MATCH = YES;
				COPY_PHASE_STRIP = YES;
				DEBUG_INFORMATION_FORMAT = "dwarf-with-dsym";
				GCC_C_LANGUAGE_STANDARD = gnu99;
				GCC_ENABLE_OBJC_EXCEPTIONS = YES;
				GCC_WARN_64_TO_32_BIT_CONVERSION = YES;
				GCC_WARN_ABOUT_RETURN_TYPE = YES;
				GCC_WARN_UNINITIALIZED_AUTOS = YES;
				GCC_WARN_UNUSED_VARIABLE = YES;
				MACOSX_DEPLOYMENT_TARGET = 10.8;
				SDKROOT = macosx;
			};
			name = Release;
		};
		F485A6571714078C00D316B9 /* Debug */ = {
			isa = XCBuildConfiguration;
			buildSettings = {
				EXECUTABLE_PREFIX = lib;
				PRODUCT_NAME = "$(TARGET_NAME)";
			};
			name = Debug;
		};
		F485A6581714078C00D316B9 /* Release */ = {
			isa = XCBuildConfiguration;
			buildSettings = {
				EXECUTABLE_PREFIX = lib;
				PRODUCT_NAME = "$(TARGET_NAME)";
			};
			name = Release;
		};
/* End XCBuildConfiguration section */

/* Begin XCConfigurationList section */
		F485A64D1714078C00D316B9 /* Build configuration list for PBXProject "babcode-macosx" */ = {
			isa = XCConfigurationList;
			buildConfigurations = (
				F485A6541714078C00D316B9 /* Debug */,
				F485A6551714078C00D316B9 /* Release */,
			);
			defaultConfigurationIsVisible = 0;
			defaultConfigurationName = Release;
		};
		F485A6561714078C00D316B9 /* Build configuration list for PBXNativeTarget "babcode-macosx" */ = {
			isa = XCConfigurationList;
			buildConfigurations = (
				F485A6571714078C00D316B9 /* Debug */,
				F485A6581714078C00D316B9 /* Release */,
			);
			defaultConfigurationIsVisible = 0;
			defaultConfigurationName = Release;
		};
/* End XCConfigurationList section */
	};
	rootObject = F485A64A1714078C00D316B9 /* Project object */;
}
